Microsoft Visual Studio Solution File, Format Version 11.00
# Visual Studio 2010
Project("{8BC9CEB8-8B4A-11D0-8D11-00A0C91BC942}") = "qsvgicon", "D:/qt-everywhere-opensource-src-4.7.4/src/plugins/iconengines/svgiconengine\qsvgicon.vcxproj", "{C9DE5643-74B0-32D3-B395-9012154CD83A}"
EndProject
Global
	GlobalSection(SolutionConfiguration) = preSolution
		ConfigName.0 = Debug|Win32
		ConfigName.1 = Release|Win32
	EndGlobalSection
	GlobalSection(ProjectDependencies) = postSolution
	EndGlobalSection
	GlobalSection(ProjectConfiguration) = postSolution
		{C9DE5643-74B0-32D3-B395-9012154CD83A}.Debug|Win32.ActiveCfg = Debug|Win32
		{C9DE5643-74B0-32D3-B395-9012154CD83A}.Debug|Win32.Build.0 = Debug|Win32
		{C9DE5643-74B0-32D3-B395-9012154CD83A}.Release|Win32.ActiveCfg = Release|Win32
		{C9DE5643-74B0-32D3-B395-9012154CD83A}.Release|Win32.Build.0 = Release|Win32
	EndGlobalSection
	GlobalSection(ExtensibilityGlobals) = postSolution
	EndGlobalSection
	GlobalSection(ExtensibilityAddIns) = postSolution
	EndGlobalSection
EndGlobal